# THIS IS AN AUTOGENERATED FILE. DO NOT EDIT THIS FILE DIRECTLY.
# yarn lockfile v1


capsize@^2.0.0:
  version "2.0.0"
  resolved "https://registry.yarnpkg.com/capsize/-/capsize-2.0.0.tgz#09c440000d6c6c9da2c22b419b6ced1b74a1b29d"
  integrity sha512-/xluZJe+SnuByQjws/B6QkrMzo9OqE9sd+k6paTxYoVVZLrwZoPdsCRasPiCIUQMy8UD11xgo5QZ/gtcNMlGlQ==

csstype@^3.0.5:
  version "3.0.7"
  resolved "https://registry.yarnpkg.com/csstype/-/csstype-3.0.7.tgz#2a5fb75e1015e84dd15692f71e89a1450290950b"
  integrity sha512-KxnUB0ZMlnUWCsx2Z8MUsr6qV6ja1w9ArPErJaJaF8a5SOWoHLIszeCTKGRGRgtLgYrs1E8CHkNSP1VZTTPc9g==

dom-serializer@^1.0.1:
  version "1.3.1"
  resolved "https://registry.yarnpkg.com/dom-serializer/-/dom-serializer-1.3.1.tgz#d845a1565d7c041a95e5dab62184ab41e3a519be"
  integrity sha512-Pv2ZluG5ife96udGgEDovOOOA5UELkltfJpnIExPrAk1LTvecolUGn6lIaoLh86d83GiB86CjzciMd9BuRB71Q==
  dependencies:
    domelementtype "^2.0.1"
    domhandler "^4.0.0"
    entities "^2.0.0"

domelementtype@^2.0.1, domelementtype@^2.2.0:
  version "2.2.0"
  resolved "https://registry.yarnpkg.com/domelementtype/-/domelementtype-2.2.0.tgz#9a0b6c2782ed6a1c7323d42267183df9bd8b1d57"
  integrity sha512-DtBMo82pv1dFtUmHyr48beiuq792Sxohr+8Hm9zoxklYPfa6n0Z3Byjj2IV7bmr2IyqClnqEQhfgHJJ5QF0R5A==

domhandler@^4.0.0, domhandler@^4.1.0:
  version "4.1.0"
  resolved "https://registry.yarnpkg.com/domhandler/-/domhandler-4.1.0.tgz#c1d8d494d5ec6db22de99e46a149c2a4d23ddd43"
  integrity sha512-/6/kmsGlMY4Tup/nGVutdrK9yQi4YjWVcVeoQmixpzjOUK1U7pQkvAPHBJeUxOgxF0J8f8lwCJSlCfD0V4CMGQ==
  dependencies:
    domelementtype "^2.2.0"

domutils@^2.5.2:
  version "2.5.2"
  resolved "https://registry.yarnpkg.com/domutils/-/domutils-2.5.2.tgz#37ef8ba087dff1a17175e7092e8a042e4b050e6c"
  integrity sha512-MHTthCb1zj8f1GVfRpeZUbohQf/HdBos0oX5gZcQFepOZPLLRyj6Wn7XS7EMnY7CVpwv8863u2vyE83Hfu28HQ==
  dependencies:
    dom-serializer "^1.0.1"
    domelementtype "^2.2.0"
    domhandler "^4.1.0"

entities@^2.0.0:
  version "2.2.0"
  resolved "https://registry.yarnpkg.com/entities/-/entities-2.2.0.tgz#098dc90ebb83d8dffa089d55256b351d34c4da55"
  integrity sha512-p92if5Nz619I0w+akJrLZH0MX0Pb5DX39XOwQTtXSdQQOaYH03S1uIQp4mhOZtAXrxq4ViO67YTiLBo2638o9A==

esbuild@^0.11.9:
  version "0.11.9"
  resolved "https://registry.yarnpkg.com/esbuild/-/esbuild-0.11.9.tgz#408bf4fb5ae9abc2f27d56b62e19aab697687975"
  integrity sha512-qP7w/oWjJBIh9x+H37DbpkMtmSnLm63VDyA06+vkJJEHlVR7QSDiPAaka7mtMQZHoBn87irUx5rDxbXMKaf8xw==

htmlparser2@^6.0.0:
  version "6.1.0"
  resolved "https://registry.yarnpkg.com/htmlparser2/-/htmlparser2-6.1.0.tgz#c4d762b6c3371a05dbe65e94ae43a9f845fb8fb7"
  integrity sha512-gyyPk6rgonLFEDGoeRgQNaEUvdJ4ktTmmUh/h2t7s+M8oPpIPxgNACWa+6ESR57kXstwqPiCut0V8NRpcwgU7A==
  dependencies:
    domelementtype "^2.0.1"
    domhandler "^4.0.0"
    domutils "^2.5.2"
    entities "^2.0.0"

style-vendorizer@^2.0.0:
  version "2.0.0"
  resolved "https://registry.yarnpkg.com/style-vendorizer/-/style-vendorizer-2.0.0.tgz#0c46cec94069f1c768d31c3d307ed045646f503c"
  integrity sha512-CeqwnrtXd/DKIadVNdJDtHnpCmsc28rWVWLmgpF2HdzTiWFVCE1F1OzWWwskOEtWpOpgm6NrjccfkNGo8qW4MA==

twind@^0.16.11:
  version "0.16.11"
  resolved "https://registry.yarnpkg.com/twind/-/twind-0.16.11.tgz#f843600526769c3ce878a122d87892c39132507c"
  integrity sha512-wcR/7ogmraz/YoE1Qh+ZdNXsigK92ShhGrLXrfh9IU2jsgzE2j3a3lNIXGz94efGk0XJd2OViulx/Oyi+MVliA==
  dependencies:
    csstype "^3.0.5"
    htmlparser2 "^6.0.0"
    style-vendorizer "^2.0.0"

typescript@^4.2.4:
  version "4.2.4"
  resolved "https://registry.yarnpkg.com/typescript/-/typescript-4.2.4.tgz#8610b59747de028fda898a8aef0e103f156d0961"
  integrity sha512-V+evlYHZnQkaz8TRBuxTA92yZBPotr5H+WhQ7bD3hZUndx5tGOa1fuCgeSjxAzM1RiN5IzvadIXTVefuuwZCRg==
